
Microsoft Visual Studio Solution File, Format Version 12.00
# Visual Studio 14
VisualStudioVersion = 14.0.23107.0
MinimumVisualStudioVersion = 10.0.40219.1
Project("{FAE04EC0-301F-11D3-BF4B-00C04F79EFBC}") = "face-direction-recognizer", "face-direction-recognizer\face-direction-recognizer.csproj", "{17E63770-FFE8-4887-8C63-1AB3302EE323}"
EndProject
Project("{FAE04EC0-301F-11D3-BF4B-00C04F79EFBC}") = "Zirksis_1", "C:\Users\Elena\Documents\Visual Studio 2015\Projects\Zirksis_1\Zirksis_1\Zirksis_1.csproj", "{6B81F4BB-1DA8-4549-A41E-88C479708F57}"
EndProject
Global
	GlobalSection(SolutionConfigurationPlatforms) = preSolution
		Debug|Any CPU = Debug|Any CPU
		Release|Any CPU = Release|Any CPU
	EndGlobalSection
	GlobalSection(ProjectConfigurationPlatforms) = postSolution
		{17E63770-FFE8-4887-8C63-1AB3302EE323}.Debug|Any CPU.ActiveCfg = Debug|Any CPU
		{17E63770-FFE8-4887-8C63-1AB3302EE323}.Debug|Any CPU.Build.0 = Debug|Any CPU
		{17E63770-FFE8-4887-8C63-1AB3302EE323}.Release|Any CPU.ActiveCfg = Release|Any CPU
		{17E63770-FFE8-4887-8C63-1AB3302EE323}.Release|Any CPU.Build.0 = Release|Any CPU
		{6B81F4BB-1DA8-4549-A41E-88C479708F57}.Debug|Any CPU.ActiveCfg = Debug|Any CPU
		{6B81F4BB-1DA8-4549-A41E-88C479708F57}.Debug|Any CPU.Build.0 = Debug|Any CPU
		{6B81F4BB-1DA8-4549-A41E-88C479708F57}.Release|Any CPU.ActiveCfg = Release|Any CPU
		{6B81F4BB-1DA8-4549-A41E-88C479708F57}.Release|Any CPU.Build.0 = Release|Any CPU
	EndGlobalSection
	GlobalSection(SolutionProperties) = preSolution
		HideSolutionNode = FALSE
	EndGlobalSection
EndGlobal
